
Microsoft Visual Studio Solution File, Format Version 12.00
# Visual Studio Version 16
VisualStudioVersion = 16.0.28803.352
MinimumVisualStudioVersion = 10.0.40219.1
Project("{FAE04EC0-301F-11D3-BF4B-00C04F79EFBC}") = "DavidAudu-A1", "DavidAudu-A1\DavidAudu-A1.csproj", "{C87F412B-8DCE-46D8-B780-78BD135BE7E5}"
EndProject
Global
	GlobalSection(SolutionConfigurationPlatforms) = preSolution
		Debug|Any CPU = Debug|Any CPU
		Release|Any CPU = Release|Any CPU
	EndGlobalSection
	GlobalSection(ProjectConfigurationPlatforms) = postSolution
		{C87F412B-8DCE-46D8-B780-78BD135BE7E5}.Debug|Any CPU.ActiveCfg = Debug|Any CPU
		{C87F412B-8DCE-46D8-B780-78BD135BE7E5}.Debug|Any CPU.Build.0 = Debug|Any CPU
		{C87F412B-8DCE-46D8-B780-78BD135BE7E5}.Release|Any CPU.ActiveCfg = Release|Any CPU
		{C87F412B-8DCE-46D8-B780-78BD135BE7E5}.Release|Any CPU.Build.0 = Release|Any CPU
	EndGlobalSection
	GlobalSection(SolutionProperties) = preSolution
		HideSolutionNode = FALSE
	EndGlobalSection
	GlobalSection(ExtensibilityGlobals) = postSolution
		SolutionGuid = {0563FD78-F131-4DF9-BC73-81EE11198A6F}
	EndGlobalSection
EndGlobal
